// !$*UTF8*$!
{
	archiveVersion = 1;
	classes = {
	};
	objectVersion = 51;
	objects = {

/* Begin PBXBuildFile section */
		B53751B59F22032CE315085D /* Pods_ClearDo.framework in Frameworks */ = {isa = PBXBuildFile; fileRef = 0E059C6149EEE8E5C86489E3 /* Pods_ClearDo.framework */; };
		D701161623DE327300AA20FC /* AddProjectButton.swift in Sources */ = {isa = PBXBuildFile; fileRef = D701161523DE327300AA20FC /* AddProjectButton.swift */; };
		D722C5B723968225008F9F50 /* ReusableCell.swift in Sources */ = {isa = PBXBuildFile; fileRef = D722C5B623968225008F9F50 /* ReusableCell.swift */; };
		D77C3080238BDDDF0058912B /* AppDelegate.swift in Sources */ = {isa = PBXBuildFile; fileRef = D77C307F238BDDDF0058912B /* AppDelegate.swift */; };
		D77C3082238BDDDF0058912B /* SceneDelegate.swift in Sources */ = {isa = PBXBuildFile; fileRef = D77C3081238BDDDF0058912B /* SceneDelegate.swift */; };
		D77C3084238BDDDF0058912B /* TodoListViewController.swift in Sources */ = {isa = PBXBuildFile; fileRef = D77C3083238BDDDF0058912B /* TodoListViewController.swift */; };
		D77C3087238BDDDF0058912B /* Main.storyboard in Resources */ = {isa = PBXBuildFile; fileRef = D77C3085238BDDDF0058912B /* Main.storyboard */; };
		D77C3089238BDDE10058912B /* Assets.xcassets in Resources */ = {isa = PBXBuildFile; fileRef = D77C3088238BDDE10058912B /* Assets.xcassets */; };
		D77C308C238BDDE10058912B /* LaunchScreen.storyboard in Resources */ = {isa = PBXBuildFile; fileRef = D77C308A238BDDE10058912B /* LaunchScreen.storyboard */; };
		D7BC988323CE16CA009FAC72 /* TasksViewController.swift in Sources */ = {isa = PBXBuildFile; fileRef = D7BC988223CE16CA009FAC72 /* TasksViewController.swift */; };
		D7BC988523CE33C4009FAC72 /* TaskCell.swift in Sources */ = {isa = PBXBuildFile; fileRef = D7BC988423CE33C4009FAC72 /* TaskCell.swift */; };
/* End PBXBuildFile section */

/* Begin PBXFileReference section */
		0E059C6149EEE8E5C86489E3 /* Pods_ClearDo.framework */ = {isa = PBXFileReference; explicitFileType = wrapper.framework; includeInIndex = 0; path = Pods_ClearDo.framework; sourceTree = BUILT_PRODUCTS_DIR; };
		3EEDBD0BD21CB272A314F00D /* Pods-ClearDo.debug.xcconfig */ = {isa = PBXFileReference; includeInIndex = 1; lastKnownFileType = text.xcconfig; name = "Pods-ClearDo.debug.xcconfig"; path = "Target Support Files/Pods-ClearDo/Pods-ClearDo.debug.xcconfig"; sourceTree = "<group>"; };
		4D10196DE36720D678FD49D6 /* Pods-ClearDo.release.xcconfig */ = {isa = PBXFileReference; includeInIndex = 1; lastKnownFileType = text.xcconfig; name = "Pods-ClearDo.release.xcconfig"; path = "Target Support Files/Pods-ClearDo/Pods-ClearDo.release.xcconfig"; sourceTree = "<group>"; };
		D701161523DE327300AA20FC /* AddProjectButton.swift */ = {isa = PBXFileReference; lastKnownFileType = sourcecode.swift; path = AddProjectButton.swift; sourceTree = "<group>"; };
		D722C5B623968225008F9F50 /* ReusableCell.swift */ = {isa = PBXFileReference; lastKnownFileType = sourcecode.swift; path = ReusableCell.swift; sourceTree = "<group>"; };
		D77C307C238BDDDF0058912B /* ClearDo.app */ = {isa = PBXFileReference; explicitFileType = wrapper.application; includeInIndex = 0; path = ClearDo.app; sourceTree = BUILT_PRODUCTS_DIR; };
		D77C307F238BDDDF0058912B /* AppDelegate.swift */ = {isa = PBXFileReference; lastKnownFileType = sourcecode.swift; path = AppDelegate.swift; sourceTree = "<group>"; };
		D77C3081238BDDDF0058912B /* SceneDelegate.swift */ = {isa = PBXFileReference; lastKnownFileType = sourcecode.swift; path = SceneDelegate.swift; sourceTree = "<group>"; };
		D77C3083238BDDDF0058912B /* TodoListViewController.swift */ = {isa = PBXFileReference; lastKnownFileType = sourcecode.swift; path = TodoListViewController.swift; sourceTree = "<group>"; };
		D77C3086238BDDDF0058912B /* Base */ = {isa = PBXFileReference; lastKnownFileType = file.storyboard; name = Base; path = Base.lproj/Main.storyboard; sourceTree = "<group>"; };
		D77C3088238BDDE10058912B /* Assets.xcassets */ = {isa = PBXFileReference; lastKnownFileType = folder.assetcatalog; path = Assets.xcassets; sourceTree = "<group>"; };
		D77C308B238BDDE10058912B /* Base */ = {isa = PBXFileReference; lastKnownFileType = file.storyboard; name = Base; path = Base.lproj/LaunchScreen.storyboard; sourceTree = "<group>"; };
		D77C308D238BDDE10058912B /* Info.plist */ = {isa = PBXFileReference; lastKnownFileType = text.plist.xml; path = Info.plist; sourceTree = "<group>"; };
		D7BC988223CE16CA009FAC72 /* TasksViewController.swift */ = {isa = PBXFileReference; lastKnownFileType = sourcecode.swift; path = TasksViewController.swift; sourceTree = SOURCE_ROOT; };
		D7BC988423CE33C4009FAC72 /* TaskCell.swift */ = {isa = PBXFileReference; lastKnownFileType = sourcecode.swift; path = TaskCell.swift; sourceTree = "<group>"; };
/* End PBXFileReference section */

/* Begin PBXFrameworksBuildPhase section */
		D77C3079238BDDDF0058912B /* Frameworks */ = {
			isa = PBXFrameworksBuildPhase;
			buildActionMask = 2147483647;
			files = (
				B53751B59F22032CE315085D /* Pods_ClearDo.framework in Frameworks */,
			);
			runOnlyForDeploymentPostprocessing = 0;
		};
/* End PBXFrameworksBuildPhase section */

/* Begin PBXGroup section */
		7EAEFE994B5C41BB43B4CC4E /* Pods */ = {
			isa = PBXGroup;
			children = (
				3EEDBD0BD21CB272A314F00D /* Pods-ClearDo.debug.xcconfig */,
				4D10196DE36720D678FD49D6 /* Pods-ClearDo.release.xcconfig */,
			);
			path = Pods;
			sourceTree = "<group>";
		};
		A78EB67BDC42FBD0663BAC57 /* Frameworks */ = {
			isa = PBXGroup;
			children = (
				0E059C6149EEE8E5C86489E3 /* Pods_ClearDo.framework */,
			);
			name = Frameworks;
			sourceTree = "<group>";
		};
		D70FE2022396658800AE6312 /* Models */ = {
			isa = PBXGroup;
			children = (
			);
			path = Models;
			sourceTree = "<group>";
		};
		D70FE203239665B900AE6312 /* Views */ = {
			isa = PBXGroup;
			children = (
				D77C3085238BDDDF0058912B /* Main.storyboard */,
			);
			path = Views;
			sourceTree = "<group>";
		};
		D70FE205239665FC00AE6312 /* Controllers */ = {
			isa = PBXGroup;
			children = (
				D77C3083238BDDDF0058912B /* TodoListViewController.swift */,
				D7BC988223CE16CA009FAC72 /* TasksViewController.swift */,
				D701161523DE327300AA20FC /* AddProjectButton.swift */,
			);
			path = Controllers;
			sourceTree = "<group>";
		};
		D77C3073238BDDDF0058912B = {
			isa = PBXGroup;
			children = (
				D77C307E238BDDDF0058912B /* ClearDo */,
				D77C307D238BDDDF0058912B /* Products */,
				7EAEFE994B5C41BB43B4CC4E /* Pods */,
				A78EB67BDC42FBD0663BAC57 /* Frameworks */,
			);
			sourceTree = "<group>";
		};
		D77C307D238BDDDF0058912B /* Products */ = {
			isa = PBXGroup;
			children = (
				D77C307C238BDDDF0058912B /* ClearDo.app */,
			);
			name = Products;
			sourceTree = "<group>";
		};
		D77C307E238BDDDF0058912B /* ClearDo */ = {
			isa = PBXGroup;
			children = (
				D77C307F238BDDDF0058912B /* AppDelegate.swift */,
				D77C3081238BDDDF0058912B /* SceneDelegate.swift */,
				D70FE2022396658800AE6312 /* Models */,
				D70FE203239665B900AE6312 /* Views */,
				D70FE205239665FC00AE6312 /* Controllers */,
				D722C5B623968225008F9F50 /* ReusableCell.swift */,
				D7BC988423CE33C4009FAC72 /* TaskCell.swift */,
				D77C3088238BDDE10058912B /* Assets.xcassets */,
				D77C308A238BDDE10058912B /* LaunchScreen.storyboard */,
				D77C308D238BDDE10058912B /* Info.plist */,
			);
			path = ClearDo;
			sourceTree = "<group>";
		};
/* End PBXGroup section */

/* Begin PBXNativeTarget section */
		D77C307B238BDDDF0058912B /* ClearDo */ = {
			isa = PBXNativeTarget;
			buildConfigurationList = D77C3090238BDDE10058912B /* Build configuration list for PBXNativeTarget "ClearDo" */;
			buildPhases = (
				40CCE198D159D7B6D9F4B058 /* [CP] Check Pods Manifest.lock */,
				D77C3078238BDDDF0058912B /* Sources */,
				D77C3079238BDDDF0058912B /* Frameworks */,
				D77C307A238BDDDF0058912B /* Resources */,
				449156CB96FD668002002E53 /* [CP] Embed Pods Frameworks */,
			);
			buildRules = (
			);
			dependencies = (
			);
			name = ClearDo;
			productName = ClearDo;
			productReference = D77C307C238BDDDF0058912B /* ClearDo.app */;
			productType = "com.apple.product-type.application";
		};
/* End PBXNativeTarget section */

/* Begin PBXProject section */
		D77C3074238BDDDF0058912B /* Project object */ = {
			isa = PBXProject;
			attributes = {
				LastSwiftUpdateCheck = 1110;
				LastUpgradeCheck = 1110;
				ORGANIZATIONNAME = "Oksana Fedorchuk";
				TargetAttributes = {
					D77C307B238BDDDF0058912B = {
						CreatedOnToolsVersion = 11.1;
					};
				};
			};
			buildConfigurationList = D77C3077238BDDDF0058912B /* Build configuration list for PBXProject "ClearDo" */;
			compatibilityVersion = "Xcode 9.3";
			developmentRegion = en;
			hasScannedForEncodings = 0;
			knownRegions = (
				en,
				Base,
			);
			mainGroup = D77C3073238BDDDF0058912B;
			productRefGroup = D77C307D238BDDDF0058912B /* Products */;
			projectDirPath = "";
			projectRoot = "";
			targets = (
				D77C307B238BDDDF0058912B /* ClearDo */,
			);
		};
/* End PBXProject section */

/* Begin PBXResourcesBuildPhase section */
		D77C307A238BDDDF0058912B /* Resources */ = {
			isa = PBXResourcesBuildPhase;
			buildActionMask = 2147483647;
			files = (
				D77C308C238BDDE10058912B /* LaunchScreen.storyboard in Resources */,
				D77C3089238BDDE10058912B /* Assets.xcassets in Resources */,
				D77C3087238BDDDF0058912B /* Main.storyboard in Resources */,
			);
			runOnlyForDeploymentPostprocessing = 0;
		};
/* End PBXResourcesBuildPhase section */

/* Begin PBXShellScriptBuildPhase section */
		40CCE198D159D7B6D9F4B058 /* [CP] Check Pods Manifest.lock */ = {
			isa = PBXShellScriptBuildPhase;
			buildActionMask = 2147483647;
			files = (
			);
			inputFileListPaths = (
			);
			inputPaths = (
				"${PODS_PODFILE_DIR_PATH}/Podfile.lock",
				"${PODS_ROOT}/Manifest.lock",
			);
			name = "[CP] Check Pods Manifest.lock";
			outputFileListPaths = (
			);
			outputPaths = (
				"$(DERIVED_FILE_DIR)/Pods-ClearDo-checkManifestLockResult.txt",
			);
			runOnlyForDeploymentPostprocessing = 0;
			shellPath = /bin/sh;
			shellScript = "diff \"${PODS_PODFILE_DIR_PATH}/Podfile.lock\" \"${PODS_ROOT}/Manifest.lock\" > /dev/null\nif [ $? != 0 ] ; then\n    # print error to STDERR\n    echo \"error: The sandbox is not in sync with the Podfile.lock. Run 'pod install' or update your CocoaPods installation.\" >&2\n    exit 1\nfi\n# This output is used by Xcode 'outputs' to avoid re-running this script phase.\necho \"SUCCESS\" > \"${SCRIPT_OUTPUT_FILE_0}\"\n";
			showEnvVarsInLog = 0;
		};
		449156CB96FD668002002E53 /* [CP] Embed Pods Frameworks */ = {
			isa = PBXShellScriptBuildPhase;
			buildActionMask = 2147483647;
			files = (
			);
			inputFileListPaths = (
				"${PODS_ROOT}/Target Support Files/Pods-ClearDo/Pods-ClearDo-frameworks-${CONFIGURATION}-input-files.xcfilelist",
			);
			name = "[CP] Embed Pods Frameworks";
			outputFileListPaths = (
				"${PODS_ROOT}/Target Support Files/Pods-ClearDo/Pods-ClearDo-frameworks-${CONFIGURATION}-output-files.xcfilelist",
			);
			runOnlyForDeploymentPostprocessing = 0;
			shellPath = /bin/sh;
			shellScript = "\"${PODS_ROOT}/Target Support Files/Pods-ClearDo/Pods-ClearDo-frameworks.sh\"\n";
			showEnvVarsInLog = 0;
		};
/* End PBXShellScriptBuildPhase section */

/* Begin PBXSourcesBuildPhase section */
		D77C3078238BDDDF0058912B /* Sources */ = {
			isa = PBXSourcesBuildPhase;
			buildActionMask = 2147483647;
			files = (
				D722C5B723968225008F9F50 /* ReusableCell.swift in Sources */,
				D77C3084238BDDDF0058912B /* TodoListViewController.swift in Sources */,
				D7BC988323CE16CA009FAC72 /* TasksViewController.swift in Sources */,
				D77C3080238BDDDF0058912B /* AppDelegate.swift in Sources */,
				D7BC988523CE33C4009FAC72 /* TaskCell.swift in Sources */,
				D77C3082238BDDDF0058912B /* SceneDelegate.swift in Sources */,
				D701161623DE327300AA20FC /* AddProjectButton.swift in Sources */,
			);
			runOnlyForDeploymentPostprocessing = 0;
		};
/* End PBXSourcesBuildPhase section */

/* Begin PBXVariantGroup section */
		D77C3085238BDDDF0058912B /* Main.storyboard */ = {
			isa = PBXVariantGroup;
			children = (
				D77C3086238BDDDF0058912B /* Base */,
			);
			name = Main.storyboard;
			sourceTree = "<group>";
		};
		D77C308A238BDDE10058912B /* LaunchScreen.storyboard */ = {
			isa = PBXVariantGroup;
			children = (
				D77C308B238BDDE10058912B /* Base */,
			);
			name = LaunchScreen.storyboard;
			sourceTree = "<group>";
		};
/* End PBXVariantGroup section */

/* Begin XCBuildConfiguration section */
		D77C308E238BDDE10058912B /* Debug */ = {
			isa = XCBuildConfiguration;
			buildSettings = {
				ALWAYS_SEARCH_USER_PATHS = NO;
				CLANG_ANALYZER_NONNULL = YES;
				CLANG_ANALYZER_NUMBER_OBJECT_CONVERSION = YES_AGGRESSIVE;
				CLANG_CXX_LANGUAGE_STANDARD = "gnu++14";
				CLANG_CXX_LIBRARY = "libc++";
				CLANG_ENABLE_MODULES = YES;
				CLANG_ENABLE_OBJC_ARC = YES;
				CLANG_ENABLE_OBJC_WEAK = YES;
				CLANG_WARN_BLOCK_CAPTURE_AUTORELEASING = YES;
				CLANG_WARN_BOOL_CONVERSION = YES;
				CLANG_WARN_COMMA = YES;
				CLANG_WARN_CONSTANT_CONVERSION = YES;
				CLANG_WARN_DEPRECATED_OBJC_IMPLEMENTATIONS = YES;
				CLANG_WARN_DIRECT_OBJC_ISA_USAGE = YES_ERROR;
				CLANG_WARN_DOCUMENTATION_COMMENTS = YES;
				CLANG_WARN_EMPTY_BODY = YES;
				CLANG_WARN_ENUM_CONVERSION = YES;
				CLANG_WARN_INFINITE_RECURSION = YES;
				CLANG_WARN_INT_CONVERSION = YES;
				CLANG_WARN_NON_LITERAL_NULL_CONVERSION = YES;
				CLANG_WARN_OBJC_IMPLICIT_RETAIN_SELF = YES;
				CLANG_WARN_OBJC_LITERAL_CONVERSION = YES;
				CLANG_WARN_OBJC_ROOT_CLASS = YES_ERROR;
				CLANG_WARN_RANGE_LOOP_ANALYSIS = YES;
				CLANG_WARN_STRICT_PROTOTYPES = YES;
				CLANG_WARN_SUSPICIOUS_MOVE = YES;
				CLANG_WARN_UNGUARDED_AVAILABILITY = YES_AGGRESSIVE;
				CLANG_WARN_UNREACHABLE_CODE = YES;
				CLANG_WARN__DUPLICATE_METHOD_MATCH = YES;
				COPY_PHASE_STRIP = NO;
				DEBUG_INFORMATION_FORMAT = dwarf;
				ENABLE_STRICT_OBJC_MSGSEND = YES;
				ENABLE_TESTABILITY = YES;
				GCC_C_LANGUAGE_STANDARD = gnu11;
				GCC_DYNAMIC_NO_PIC = NO;
				GCC_NO_COMMON_BLOCKS = YES;
				GCC_OPTIMIZATION_LEVEL = 0;
				GCC_PREPROCESSOR_DEFINITIONS = (
					"DEBUG=1",
					"$(inherited)",
				);
				GCC_WARN_64_TO_32_BIT_CONVERSION = YES;
				GCC_WARN_ABOUT_RETURN_TYPE = YES_ERROR;
				GCC_WARN_UNDECLARED_SELECTOR = YES;
				GCC_WARN_UNINITIALIZED_AUTOS = YES_AGGRESSIVE;
				GCC_WARN_UNUSED_FUNCTION = YES;
				GCC_WARN_UNUSED_VARIABLE = YES;
				IPHONEOS_DEPLOYMENT_TARGET = 13.1;
				MTL_ENABLE_DEBUG_INFO = INCLUDE_SOURCE;
				MTL_FAST_MATH = YES;
				ONLY_ACTIVE_ARCH = YES;
				SDKROOT = iphoneos;
				SWIFT_ACTIVE_COMPILATION_CONDITIONS = DEBUG;
				SWIFT_OPTIMIZATION_LEVEL = "-Onone";
			};
			name = Debug;
		};
		D77C308F238BDDE10058912B /* Release */ = {
			isa = XCBuildConfiguration;
			buildSettings = {
				ALWAYS_SEARCH_USER_PATHS = NO;
				CLANG_ANALYZER_NONNULL = YES;
				CLANG_ANALYZER_NUMBER_OBJECT_CONVERSION = YES_AGGRESSIVE;
				CLANG_CXX_LANGUAGE_STANDARD = "gnu++14";
				CLANG_CXX_LIBRARY = "libc++";
				CLANG_ENABLE_MODULES = YES;
				CLANG_ENABLE_OBJC_ARC = YES;
				CLANG_ENABLE_OBJC_WEAK = YES;
				CLANG_WARN_BLOCK_CAPTURE_AUTORELEASING = YES;
				CLANG_WARN_BOOL_CONVERSION = YES;
				CLANG_WARN_COMMA = YES;
				CLANG_WARN_CONSTANT_CONVERSION = YES;
				CLANG_WARN_DEPRECATED_OBJC_IMPLEMENTATIONS = YES;
				CLANG_WARN_DIRECT_OBJC_ISA_USAGE = YES_ERROR;
				CLANG_WARN_DOCUMENTATION_COMMENTS = YES;
				CLANG_WARN_EMPTY_BODY = YES;
				CLANG_WARN_ENUM_CONVERSION = YES;
				CLANG_WARN_INFINITE_RECURSION = YES;
				CLANG_WARN_INT_CONVERSION = YES;
				CLANG_WARN_NON_LITERAL_NULL_CONVERSION = YES;
				CLANG_WARN_OBJC_IMPLICIT_RETAIN_SELF = YES;
				CLANG_WARN_OBJC_LITERAL_CONVERSION = YES;
				CLANG_WARN_OBJC_ROOT_CLASS = YES_ERROR;
				CLANG_WARN_RANGE_LOOP_ANALYSIS = YES;
				CLANG_WARN_STRICT_PROTOTYPES = YES;
				CLANG_WARN_SUSPICIOUS_MOVE = YES;
				CLANG_WARN_UNGUARDED_AVAILABILITY = YES_AGGRESSIVE;
				CLANG_WARN_UNREACHABLE_CODE = YES;
				CLANG_WARN__DUPLICATE_METHOD_MATCH = YES;
				COPY_PHASE_STRIP = NO;
				DEBUG_INFORMATION_FORMAT = "dwarf-with-dsym";
				ENABLE_NS_ASSERTIONS = NO;
				ENABLE_STRICT_OBJC_MSGSEND = YES;
				GCC_C_LANGUAGE_STANDARD = gnu11;
				GCC_NO_COMMON_BLOCKS = YES;
				GCC_WARN_64_TO_32_BIT_CONVERSION = YES;
				GCC_WARN_ABOUT_RETURN_TYPE = YES_ERROR;
				GCC_WARN_UNDECLARED_SELECTOR = YES;
				GCC_WARN_UNINITIALIZED_AUTOS = YES_AGGRESSIVE;
				GCC_WARN_UNUSED_FUNCTION = YES;
				GCC_WARN_UNUSED_VARIABLE = YES;
				IPHONEOS_DEPLOYMENT_TARGET = 13.1;
				MTL_ENABLE_DEBUG_INFO = NO;
				MTL_FAST_MATH = YES;
				SDKROOT = iphoneos;
				SWIFT_COMPILATION_MODE = wholemodule;
				SWIFT_OPTIMIZATION_LEVEL = "-O";
				VALIDATE_PRODUCT = YES;
			};
			name = Release;
		};
		D77C3091238BDDE10058912B /* Debug */ = {
			isa = XCBuildConfiguration;
			baseConfigurationReference = 3EEDBD0BD21CB272A314F00D /* Pods-ClearDo.debug.xcconfig */;
			buildSettings = {
				ASSETCATALOG_COMPILER_APPICON_NAME = AppIcon;
				CODE_SIGN_STYLE = Automatic;
				DEVELOPMENT_TEAM = 2XL2ZYWJX3;
				INFOPLIST_FILE = ClearDo/Info.plist;
				LD_RUNPATH_SEARCH_PATHS = (
					"$(inherited)",
					"@executable_path/Frameworks",
				);
				PRODUCT_BUNDLE_IDENTIFIER = com.tenditkacodes.ClearDo;
				PRODUCT_NAME = "$(TARGET_NAME)";
				SWIFT_VERSION = 5.0;
				TARGETED_DEVICE_FAMILY = "1,2";
			};
			name = Debug;
		};
		D77C3092238BDDE10058912B /* Release */ = {
			isa = XCBuildConfiguration;
			baseConfigurationReference = 4D10196DE36720D678FD49D6 /* Pods-ClearDo.release.xcconfig */;
			buildSettings = {
				ASSETCATALOG_COMPILER_APPICON_NAME = AppIcon;
				CODE_SIGN_STYLE = Automatic;
				DEVELOPMENT_TEAM = 2XL2ZYWJX3;
				INFOPLIST_FILE = ClearDo/Info.plist;
				LD_RUNPATH_SEARCH_PATHS = (
					"$(inherited)",
					"@executable_path/Frameworks",
				);
				PRODUCT_BUNDLE_IDENTIFIER = com.tenditkacodes.ClearDo;
				PRODUCT_NAME = "$(TARGET_NAME)";
				SWIFT_VERSION = 5.0;
				TARGETED_DEVICE_FAMILY = "1,2";
			};
			name = Release;
		};
/* End XCBuildConfiguration section */

/* Begin XCConfigurationList section */
		D77C3077238BDDDF0058912B /* Build configuration list for PBXProject "ClearDo" */ = {
			isa = XCConfigurationList;
			buildConfigurations = (
				D77C308E238BDDE10058912B /* Debug */,
				D77C308F238BDDE10058912B /* Release */,
			);
			defaultConfigurationIsVisible = 0;
			defaultConfigurationName = Release;
		};
		D77C3090238BDDE10058912B /* Build configuration list for PBXNativeTarget "ClearDo" */ = {
			isa = XCConfigurationList;
			buildConfigurations = (
				D77C3091238BDDE10058912B /* Debug */,
				D77C3092238BDDE10058912B /* Release */,
			);
			defaultConfigurationIsVisible = 0;
			defaultConfigurationName = Release;
		};
/* End XCConfigurationList section */
	};
	rootObject = D77C3074238BDDDF0058912B /* Project object */;
}
